
Microsoft Visual Studio Solution File, Format Version 12.00
# Visual Studio Version 16
VisualStudioVersion = 16.0.30907.101
MinimumVisualStudioVersion = 10.0.40219.1
Project("{FAE04EC0-301F-11D3-BF4B-00C04F79EFBC}") = "VariableDatatyper", "VariableDatatyper\VariableDatatyper.csproj", "{71107716-3A77-4CE7-8891-A22F4E91E39B}"
EndProject
Global
	GlobalSection(SolutionConfigurationPlatforms) = preSolution
		Debug|Any CPU = Debug|Any CPU
		Release|Any CPU = Release|Any CPU
	EndGlobalSection
	GlobalSection(ProjectConfigurationPlatforms) = postSolution
		{71107716-3A77-4CE7-8891-A22F4E91E39B}.Debug|Any CPU.ActiveCfg = Debug|Any CPU
		{71107716-3A77-4CE7-8891-A22F4E91E39B}.Debug|Any CPU.Build.0 = Debug|Any CPU
		{71107716-3A77-4CE7-8891-A22F4E91E39B}.Release|Any CPU.ActiveCfg = Release|Any CPU
		{71107716-3A77-4CE7-8891-A22F4E91E39B}.Release|Any CPU.Build.0 = Release|Any CPU
	EndGlobalSection
	GlobalSection(SolutionProperties) = preSolution
		HideSolutionNode = FALSE
	EndGlobalSection
	GlobalSection(ExtensibilityGlobals) = postSolution
		SolutionGuid = {D10C555C-FCD9-4218-8F47-84AC10987404}
	EndGlobalSection
EndGlobal
